
Microsoft Visual Studio Solution File, Format Version 12.00
# Visual Studio Version 17
VisualStudioVersion = 17.0.31903.59
MinimumVisualStudioVersion = 10.0.40219.1
Project("{2150E333-8FDC-42A3-9474-1A3956D46DE8}") = "Services", "Services", "{5854FF58-B8C5-05C6-5BF2-ACE42193F22B}"
EndProject
Project("{2150E333-8FDC-42A3-9474-1A3956D46DE8}") = "Catalog", "Catalog", "{944ACC7E-4FFC-A2A2-09E1-98A62C66F8DB}"
EndProject
Project("{FAE04EC0-301F-11D3-BF4B-00C04F79EFBC}") = "Catalog.API", "Services\Catalog\Catalog.API\Catalog.API.csproj", "{34C135A7-07CE-4A58-9FC0-438144408885}"
EndProject
Project("{FAE04EC0-301F-11D3-BF4B-00C04F79EFBC}") = "Catalog.Application", "Services\Catalog\Catalog.Application\Catalog.Application.csproj", "{499C44B0-D7CD-4EEF-B201-7263AB4DAE34}"
EndProject
Project("{FAE04EC0-301F-11D3-BF4B-00C04F79EFBC}") = "Catalog.Domain", "Services\Catalog\Catalog.Domain\Catalog.Domain.csproj", "{6EEBDDE1-84F3-49CF-91CA-7B961332CDF4}"
EndProject
Project("{FAE04EC0-301F-11D3-BF4B-00C04F79EFBC}") = "Catalog.Infrastructure", "Services\Catalog\Catalog.Infrastructure\Catalog.Infrastructure.csproj", "{4FB2154B-E630-485B-885F-060CE780947F}"
EndProject
Project("{2150E333-8FDC-42A3-9474-1A3956D46DE8}") = "Order", "Order", "{A7F1EA75-F84F-EDAA-1156-120873BE27D5}"
EndProject
Project("{FAE04EC0-301F-11D3-BF4B-00C04F79EFBC}") = "Order.API", "Services\Order\Order.API\Order.API.csproj", "{7EC91C55-1ABD-428E-8684-5DE21275835E}"
EndProject
Project("{FAE04EC0-301F-11D3-BF4B-00C04F79EFBC}") = "Order.Application", "Services\Order\Order.Application\Order.Application.csproj", "{9F44DC94-D323-4ACD-8F61-E722EE2EA734}"
EndProject
Project("{FAE04EC0-301F-11D3-BF4B-00C04F79EFBC}") = "Order.Domain", "Services\Order\Order.Domain\Order.Domain.csproj", "{A3B348DE-87B7-46B9-9EC7-0CA5A4D24474}"
EndProject
Project("{FAE04EC0-301F-11D3-BF4B-00C04F79EFBC}") = "Order.Infrastructure", "Services\Order\Order.Infrastructure\Order.Infrastructure.csproj", "{F227BAA9-D059-48B1-9D5A-A4D73C4D20D6}"
EndProject
Project("{2150E333-8FDC-42A3-9474-1A3956D46DE8}") = "Shared", "Shared", "{4F52FD11-658E-A102-6CD3-7D7C16FFA15B}"
EndProject
Project("{FAE04EC0-301F-11D3-BF4B-00C04F79EFBC}") = "Shared.Contracts", "Shared\Shared.Contracts\Shared.Contracts.csproj", "{1671B568-95FE-4E1B-9BE3-24BA4242E263}"
EndProject
Global
	GlobalSection(SolutionConfigurationPlatforms) = preSolution
		Debug|Any CPU = Debug|Any CPU
		Debug|x64 = Debug|x64
		Debug|x86 = Debug|x86
		Release|Any CPU = Release|Any CPU
		Release|x64 = Release|x64
		Release|x86 = Release|x86
	EndGlobalSection
	GlobalSection(ProjectConfigurationPlatforms) = postSolution
		{34C135A7-07CE-4A58-9FC0-438144408885}.Debug|Any CPU.ActiveCfg = Debug|Any CPU
		{34C135A7-07CE-4A58-9FC0-438144408885}.Debug|Any CPU.Build.0 = Debug|Any CPU
		{34C135A7-07CE-4A58-9FC0-438144408885}.Debug|x64.ActiveCfg = Debug|Any CPU
		{34C135A7-07CE-4A58-9FC0-438144408885}.Debug|x64.Build.0 = Debug|Any CPU
		{34C135A7-07CE-4A58-9FC0-438144408885}.Debug|x86.ActiveCfg = Debug|Any CPU
		{34C135A7-07CE-4A58-9FC0-438144408885}.Debug|x86.Build.0 = Debug|Any CPU
		{34C135A7-07CE-4A58-9FC0-438144408885}.Release|Any CPU.ActiveCfg = Release|Any CPU
		{34C135A7-07CE-4A58-9FC0-438144408885}.Release|Any CPU.Build.0 = Release|Any CPU
		{34C135A7-07CE-4A58-9FC0-438144408885}.Release|x64.ActiveCfg = Release|Any CPU
		{34C135A7-07CE-4A58-9FC0-438144408885}.Release|x64.Build.0 = Release|Any CPU
		{34C135A7-07CE-4A58-9FC0-438144408885}.Release|x86.ActiveCfg = Release|Any CPU
		{34C135A7-07CE-4A58-9FC0-438144408885}.Release|x86.Build.0 = Release|Any CPU
		{499C44B0-D7CD-4EEF-B201-7263AB4DAE34}.Debug|Any CPU.ActiveCfg = Debug|Any CPU
		{499C44B0-D7CD-4EEF-B201-7263AB4DAE34}.Debug|Any CPU.Build.0 = Debug|Any CPU
		{499C44B0-D7CD-4EEF-B201-7263AB4DAE34}.Debug|x64.ActiveCfg = Debug|Any CPU
		{499C44B0-D7CD-4EEF-B201-7263AB4DAE34}.Debug|x64.Build.0 = Debug|Any CPU
		{499C44B0-D7CD-4EEF-B201-7263AB4DAE34}.Debug|x86.ActiveCfg = Debug|Any CPU
		{499C44B0-D7CD-4EEF-B201-7263AB4DAE34}.Debug|x86.Build.0 = Debug|Any CPU
		{499C44B0-D7CD-4EEF-B201-7263AB4DAE34}.Release|Any CPU.ActiveCfg = Release|Any CPU
		{499C44B0-D7CD-4EEF-B201-7263AB4DAE34}.Release|Any CPU.Build.0 = Release|Any CPU
		{499C44B0-D7CD-4EEF-B201-7263AB4DAE34}.Release|x64.ActiveCfg = Release|Any CPU
		{499C44B0-D7CD-4EEF-B201-7263AB4DAE34}.Release|x64.Build.0 = Release|Any CPU
		{499C44B0-D7CD-4EEF-B201-7263AB4DAE34}.Release|x86.ActiveCfg = Release|Any CPU
		{499C44B0-D7CD-4EEF-B201-7263AB4DAE34}.Release|x86.Build.0 = Release|Any CPU
		{6EEBDDE1-84F3-49CF-91CA-7B961332CDF4}.Debug|Any CPU.ActiveCfg = Debug|Any CPU
		{6EEBDDE1-84F3-49CF-91CA-7B961332CDF4}.Debug|Any CPU.Build.0 = Debug|Any CPU
		{6EEBDDE1-84F3-49CF-91CA-7B961332CDF4}.Debug|x64.ActiveCfg = Debug|Any CPU
		{6EEBDDE1-84F3-49CF-91CA-7B961332CDF4}.Debug|x64.Build.0 = Debug|Any CPU
		{6EEBDDE1-84F3-49CF-91CA-7B961332CDF4}.Debug|x86.ActiveCfg = Debug|Any CPU
		{6EEBDDE1-84F3-49CF-91CA-7B961332CDF4}.Debug|x86.Build.0 = Debug|Any CPU
		{6EEBDDE1-84F3-49CF-91CA-7B961332CDF4}.Release|Any CPU.ActiveCfg = Release|Any CPU
		{6EEBDDE1-84F3-49CF-91CA-7B961332CDF4}.Release|Any CPU.Build.0 = Release|Any CPU
		{6EEBDDE1-84F3-49CF-91CA-7B961332CDF4}.Release|x64.ActiveCfg = Release|Any CPU
		{6EEBDDE1-84F3-49CF-91CA-7B961332CDF4}.Release|x64.Build.0 = Release|Any CPU
		{6EEBDDE1-84F3-49CF-91CA-7B961332CDF4}.Release|x86.ActiveCfg = Release|Any CPU
		{6EEBDDE1-84F3-49CF-91CA-7B961332CDF4}.Release|x86.Build.0 = Release|Any CPU
		{4FB2154B-E630-485B-885F-060CE780947F}.Debug|Any CPU.ActiveCfg = Debug|Any CPU
		{4FB2154B-E630-485B-885F-060CE780947F}.Debug|Any CPU.Build.0 = Debug|Any CPU
		{4FB2154B-E630-485B-885F-060CE780947F}.Debug|x64.ActiveCfg = Debug|Any CPU
		{4FB2154B-E630-485B-885F-060CE780947F}.Debug|x64.Build.0 = Debug|Any CPU
		{4FB2154B-E630-485B-885F-060CE780947F}.Debug|x86.ActiveCfg = Debug|Any CPU
		{4FB2154B-E630-485B-885F-060CE780947F}.Debug|x86.Build.0 = Debug|Any CPU
		{4FB2154B-E630-485B-885F-060CE780947F}.Release|Any CPU.ActiveCfg = Release|Any CPU
		{4FB2154B-E630-485B-885F-060CE780947F}.Release|Any CPU.Build.0 = Release|Any CPU
		{4FB2154B-E630-485B-885F-060CE780947F}.Release|x64.ActiveCfg = Release|Any CPU
		{4FB2154B-E630-485B-885F-060CE780947F}.Release|x64.Build.0 = Release|Any CPU
		{4FB2154B-E630-485B-885F-060CE780947F}.Release|x86.ActiveCfg = Release|Any CPU
		{4FB2154B-E630-485B-885F-060CE780947F}.Release|x86.Build.0 = Release|Any CPU
		{7EC91C55-1ABD-428E-8684-5DE21275835E}.Debug|Any CPU.ActiveCfg = Debug|Any CPU
		{7EC91C55-1ABD-428E-8684-5DE21275835E}.Debug|Any CPU.Build.0 = Debug|Any CPU
		{7EC91C55-1ABD-428E-8684-5DE21275835E}.Debug|x64.ActiveCfg = Debug|Any CPU
		{7EC91C55-1ABD-428E-8684-5DE21275835E}.Debug|x64.Build.0 = Debug|Any CPU
		{7EC91C55-1ABD-428E-8684-5DE21275835E}.Debug|x86.ActiveCfg = Debug|Any CPU
		{7EC91C55-1ABD-428E-8684-5DE21275835E}.Debug|x86.Build.0 = Debug|Any CPU
		{7EC91C55-1ABD-428E-8684-5DE21275835E}.Release|Any CPU.ActiveCfg = Release|Any CPU
		{7EC91C55-1ABD-428E-8684-5DE21275835E}.Release|Any CPU.Build.0 = Release|Any CPU
		{7EC91C55-1ABD-428E-8684-5DE21275835E}.Release|x64.ActiveCfg = Release|Any CPU
		{7EC91C55-1ABD-428E-8684-5DE21275835E}.Release|x64.Build.0 = Release|Any CPU
		{7EC91C55-1ABD-428E-8684-5DE21275835E}.Release|x86.ActiveCfg = Release|Any CPU
		{7EC91C55-1ABD-428E-8684-5DE21275835E}.Release|x86.Build.0 = Release|Any CPU
		{9F44DC94-D323-4ACD-8F61-E722EE2EA734}.Debug|Any CPU.ActiveCfg = Debug|Any CPU
		{9F44DC94-D323-4ACD-8F61-E722EE2EA734}.Debug|Any CPU.Build.0 = Debug|Any CPU
		{9F44DC94-D323-4ACD-8F61-E722EE2EA734}.Debug|x64.ActiveCfg = Debug|Any CPU
		{9F44DC94-D323-4ACD-8F61-E722EE2EA734}.Debug|x64.Build.0 = Debug|Any CPU
		{9F44DC94-D323-4ACD-8F61-E722EE2EA734}.Debug|x86.ActiveCfg = Debug|Any CPU
		{9F44DC94-D323-4ACD-8F61-E722EE2EA734}.Debug|x86.Build.0 = Debug|Any CPU
		{9F44DC94-D323-4ACD-8F61-E722EE2EA734}.Release|Any CPU.ActiveCfg = Release|Any CPU
		{9F44DC94-D323-4ACD-8F61-E722EE2EA734}.Release|Any CPU.Build.0 = Release|Any CPU
		{9F44DC94-D323-4ACD-8F61-E722EE2EA734}.Release|x64.ActiveCfg = Release|Any CPU
		{9F44DC94-D323-4ACD-8F61-E722EE2EA734}.Release|x64.Build.0 = Release|Any CPU
		{9F44DC94-D323-4ACD-8F61-E722EE2EA734}.Release|x86.ActiveCfg = Release|Any CPU
		{9F44DC94-D323-4ACD-8F61-E722EE2EA734}.Release|x86.Build.0 = Release|Any CPU
		{A3B348DE-87B7-46B9-9EC7-0CA5A4D24474}.Debug|Any CPU.ActiveCfg = Debug|Any CPU
		{A3B348DE-87B7-46B9-9EC7-0CA5A4D24474}.Debug|Any CPU.Build.0 = Debug|Any CPU
		{A3B348DE-87B7-46B9-9EC7-0CA5A4D24474}.Debug|x64.ActiveCfg = Debug|Any CPU
		{A3B348DE-87B7-46B9-9EC7-0CA5A4D24474}.Debug|x64.Build.0 = Debug|Any CPU
		{A3B348DE-87B7-46B9-9EC7-0CA5A4D24474}.Debug|x86.ActiveCfg = Debug|Any CPU
		{A3B348DE-87B7-46B9-9EC7-0CA5A4D24474}.Debug|x86.Build.0 = Debug|Any CPU
		{A3B348DE-87B7-46B9-9EC7-0CA5A4D24474}.Release|Any CPU.ActiveCfg = Release|Any CPU
		{A3B348DE-87B7-46B9-9EC7-0CA5A4D24474}.Release|Any CPU.Build.0 = Release|Any CPU
		{A3B348DE-87B7-46B9-9EC7-0CA5A4D24474}.Release|x64.ActiveCfg = Release|Any CPU
		{A3B348DE-87B7-46B9-9EC7-0CA5A4D24474}.Release|x64.Build.0 = Release|Any CPU
		{A3B348DE-87B7-46B9-9EC7-0CA5A4D24474}.Release|x86.ActiveCfg = Release|Any CPU
		{A3B348DE-87B7-46B9-9EC7-0CA5A4D24474}.Release|x86.Build.0 = Release|Any CPU
		{F227BAA9-D059-48B1-9D5A-A4D73C4D20D6}.Debug|Any CPU.ActiveCfg = Debug|Any CPU
		{F227BAA9-D059-48B1-9D5A-A4D73C4D20D6}.Debug|Any CPU.Build.0 = Debug|Any CPU
		{F227BAA9-D059-48B1-9D5A-A4D73C4D20D6}.Debug|x64.ActiveCfg = Debug|Any CPU
		{F227BAA9-D059-48B1-9D5A-A4D73C4D20D6}.Debug|x64.Build.0 = Debug|Any CPU
		{F227BAA9-D059-48B1-9D5A-A4D73C4D20D6}.Debug|x86.ActiveCfg = Debug|Any CPU
		{F227BAA9-D059-48B1-9D5A-A4D73C4D20D6}.Debug|x86.Build.0 = Debug|Any CPU
		{F227BAA9-D059-48B1-9D5A-A4D73C4D20D6}.Release|Any CPU.ActiveCfg = Release|Any CPU
		{F227BAA9-D059-48B1-9D5A-A4D73C4D20D6}.Release|Any CPU.Build.0 = Release|Any CPU
		{F227BAA9-D059-48B1-9D5A-A4D73C4D20D6}.Release|x64.ActiveCfg = Release|Any CPU
		{F227BAA9-D059-48B1-9D5A-A4D73C4D20D6}.Release|x64.Build.0 = Release|Any CPU
		{F227BAA9-D059-48B1-9D5A-A4D73C4D20D6}.Release|x86.ActiveCfg = Release|Any CPU
		{F227BAA9-D059-48B1-9D5A-A4D73C4D20D6}.Release|x86.Build.0 = Release|Any CPU
		{1671B568-95FE-4E1B-9BE3-24BA4242E263}.Debug|Any CPU.ActiveCfg = Debug|Any CPU
		{1671B568-95FE-4E1B-9BE3-24BA4242E263}.Debug|Any CPU.Build.0 = Debug|Any CPU
		{1671B568-95FE-4E1B-9BE3-24BA4242E263}.Debug|x64.ActiveCfg = Debug|Any CPU
		{1671B568-95FE-4E1B-9BE3-24BA4242E263}.Debug|x64.Build.0 = Debug|Any CPU
		{1671B568-95FE-4E1B-9BE3-24BA4242E263}.Debug|x86.ActiveCfg = Debug|Any CPU
		{1671B568-95FE-4E1B-9BE3-24BA4242E263}.Debug|x86.Build.0 = Debug|Any CPU
		{1671B568-95FE-4E1B-9BE3-24BA4242E263}.Release|Any CPU.ActiveCfg = Release|Any CPU
		{1671B568-95FE-4E1B-9BE3-24BA4242E263}.Release|Any CPU.Build.0 = Release|Any CPU
		{1671B568-95FE-4E1B-9BE3-24BA4242E263}.Release|x64.ActiveCfg = Release|Any CPU
		{1671B568-95FE-4E1B-9BE3-24BA4242E263}.Release|x64.Build.0 = Release|Any CPU
		{1671B568-95FE-4E1B-9BE3-24BA4242E263}.Release|x86.ActiveCfg = Release|Any CPU
		{1671B568-95FE-4E1B-9BE3-24BA4242E263}.Release|x86.Build.0 = Release|Any CPU
	EndGlobalSection
	GlobalSection(SolutionProperties) = preSolution
		HideSolutionNode = FALSE
	EndGlobalSection
	GlobalSection(NestedProjects) = preSolution
		{944ACC7E-4FFC-A2A2-09E1-98A62C66F8DB} = {5854FF58-B8C5-05C6-5BF2-ACE42193F22B}
		{34C135A7-07CE-4A58-9FC0-438144408885} = {944ACC7E-4FFC-A2A2-09E1-98A62C66F8DB}
		{499C44B0-D7CD-4EEF-B201-7263AB4DAE34} = {944ACC7E-4FFC-A2A2-09E1-98A62C66F8DB}
		{6EEBDDE1-84F3-49CF-91CA-7B961332CDF4} = {944ACC7E-4FFC-A2A2-09E1-98A62C66F8DB}
		{4FB2154B-E630-485B-885F-060CE780947F} = {944ACC7E-4FFC-A2A2-09E1-98A62C66F8DB}
		{A7F1EA75-F84F-EDAA-1156-120873BE27D5} = {5854FF58-B8C5-05C6-5BF2-ACE42193F22B}
		{7EC91C55-1ABD-428E-8684-5DE21275835E} = {A7F1EA75-F84F-EDAA-1156-120873BE27D5}
		{9F44DC94-D323-4ACD-8F61-E722EE2EA734} = {A7F1EA75-F84F-EDAA-1156-120873BE27D5}
		{A3B348DE-87B7-46B9-9EC7-0CA5A4D24474} = {A7F1EA75-F84F-EDAA-1156-120873BE27D5}
		{F227BAA9-D059-48B1-9D5A-A4D73C4D20D6} = {A7F1EA75-F84F-EDAA-1156-120873BE27D5}
		{1671B568-95FE-4E1B-9BE3-24BA4242E263} = {4F52FD11-658E-A102-6CD3-7D7C16FFA15B}
	EndGlobalSection
EndGlobal
